Microsoft Visual Studio Solution File, Format Version 11.00
# Visual Studio 2008

Project("{3648D216-41BA-60C1-693A-3C206746EC67}") = "FuckAbout", "Assembly-CSharp-firstpass-vs.csproj", "{9171535A-2C2E-33C8-95C6-0A472658E3FA}"
EndProject
Project("{3648D216-41BA-60C1-693A-3C206746EC67}") = "FuckAbout", "Assembly-CSharp-vs.csproj", "{E59BC07E-4C33-03F6-34C4-3A46102D7CD1}"
EndProject
Project("{3648D216-41BA-60C1-693A-3C206746EC67}") = "FuckAbout", "Assembly-CSharp-Editor-vs.csproj", "{AD91E1C9-B814-2B12-A15D-B035D59A5317}"
EndProject
Global
	GlobalSection(SolutionConfigurationPlatforms) = preSolution
		Debug|Any CPU = Debug|Any CPU
		Release|Any CPU = Release|Any CPU
	EndGlobalSection
	GlobalSection(ProjectConfigurationPlatforms) = postSolution
		{9171535A-2C2E-33C8-95C6-0A472658E3FA}.Debug|Any CPU.ActiveCfg = Debug|Any CPU
		{9171535A-2C2E-33C8-95C6-0A472658E3FA}.Debug|Any CPU.Build.0 = Debug|Any CPU
		{9171535A-2C2E-33C8-95C6-0A472658E3FA}.Release|Any CPU.ActiveCfg = Release|Any CPU
		{9171535A-2C2E-33C8-95C6-0A472658E3FA}.Release|Any CPU.Build.0 = Release|Any CPU
		{E59BC07E-4C33-03F6-34C4-3A46102D7CD1}.Debug|Any CPU.ActiveCfg = Debug|Any CPU
		{E59BC07E-4C33-03F6-34C4-3A46102D7CD1}.Debug|Any CPU.Build.0 = Debug|Any CPU
		{E59BC07E-4C33-03F6-34C4-3A46102D7CD1}.Release|Any CPU.ActiveCfg = Release|Any CPU
		{E59BC07E-4C33-03F6-34C4-3A46102D7CD1}.Release|Any CPU.Build.0 = Release|Any CPU
		{AD91E1C9-B814-2B12-A15D-B035D59A5317}.Debug|Any CPU.ActiveCfg = Debug|Any CPU
		{AD91E1C9-B814-2B12-A15D-B035D59A5317}.Debug|Any CPU.Build.0 = Debug|Any CPU
		{AD91E1C9-B814-2B12-A15D-B035D59A5317}.Release|Any CPU.ActiveCfg = Release|Any CPU
		{AD91E1C9-B814-2B12-A15D-B035D59A5317}.Release|Any CPU.Build.0 = Release|Any CPU
	EndGlobalSection
	GlobalSection(SolutionProperties) = preSolution
		HideSolutionNode = FALSE
	EndGlobalSection
						GlobalSection(MonoDevelopProperties) = preSolution
		StartupItem = Assembly-CSharp.csproj
		Policies = $0
		$0.TextStylePolicy = $1
		$1.inheritsSet = null
		$1.scope = text/x-csharp
		$0.CSharpFormattingPolicy = $2
		$2.inheritsSet = Mono
		$2.inheritsScope = text/x-csharp
		$2.scope = text/x-csharp
		$0.TextStylePolicy = $3
		$3.FileWidth = 120
		$3.TabWidth = 4
		$3.EolMarker = Unix
		$3.inheritsSet = Mono
		$3.inheritsScope = text/plain
		$3.scope = text/plain
	EndGlobalSection

EndGlobal
